
Microsoft Visual Studio Solution File, Format Version 12.00
# Visual Studio Version 17
VisualStudioVersion = 17.14.36127.28 d17.14
MinimumVisualStudioVersion = 10.0.40219.1
Project("{FAE04EC0-301F-11D3-BF4B-00C04F79EFBC}") = "PicacgDownloadRenamer", "PicacgDownloadRenamer.csproj", "{7CAD95AE-F555-463F-923D-46CE97AB2B1F}"
EndProject
Global
	GlobalSection(SolutionConfigurationPlatforms) = preSolution
		Debug|Any CPU = Debug|Any CPU
		Release|Any CPU = Release|Any CPU
	EndGlobalSection
	GlobalSection(ProjectConfigurationPlatforms) = postSolution
		{7CAD95AE-F555-463F-923D-46CE97AB2B1F}.Debug|Any CPU.ActiveCfg = Debug|Any CPU
		{7CAD95AE-F555-463F-923D-46CE97AB2B1F}.Debug|Any CPU.Build.0 = Debug|Any CPU
		{7CAD95AE-F555-463F-923D-46CE97AB2B1F}.Release|Any CPU.ActiveCfg = Release|Any CPU
		{7CAD95AE-F555-463F-923D-46CE97AB2B1F}.Release|Any CPU.Build.0 = Release|Any CPU
	EndGlobalSection
	GlobalSection(SolutionProperties) = preSolution
		HideSolutionNode = FALSE
	EndGlobalSection
	GlobalSection(ExtensibilityGlobals) = postSolution
		SolutionGuid = {39525805-E8F2-48B8-B707-53A504587A10}
	EndGlobalSection
EndGlobal
